
Microsoft Visual Studio Solution File, Format Version 12.00
# Visual Studio Version 16
VisualStudioVersion = 16.0.29409.12
MinimumVisualStudioVersion = 10.0.40219.1
Project("{9A19103F-16F7-4668-BE54-9A1E7A4F7556}") = "DatingApp.API", "DatingApp.API\DatingApp.API.csproj", "{1D3380FA-4482-42C6-A39D-6CFFEDC7DDDF}"
EndProject
Global
	GlobalSection(SolutionConfigurationPlatforms) = preSolution
		Debug|Any CPU = Debug|Any CPU
		Release|Any CPU = Release|Any CPU
	EndGlobalSection
	GlobalSection(ProjectConfigurationPlatforms) = postSolution
		{1D3380FA-4482-42C6-A39D-6CFFEDC7DDDF}.Debug|Any CPU.ActiveCfg = Debug|Any CPU
		{1D3380FA-4482-42C6-A39D-6CFFEDC7DDDF}.Debug|Any CPU.Build.0 = Debug|Any CPU
		{1D3380FA-4482-42C6-A39D-6CFFEDC7DDDF}.Release|Any CPU.ActiveCfg = Release|Any CPU
		{1D3380FA-4482-42C6-A39D-6CFFEDC7DDDF}.Release|Any CPU.Build.0 = Release|Any CPU
	EndGlobalSection
	GlobalSection(SolutionProperties) = preSolution
		HideSolutionNode = FALSE
	EndGlobalSection
	GlobalSection(ExtensibilityGlobals) = postSolution
		SolutionGuid = {1125D73F-4364-441D-80ED-28EFD7579CB1}
	EndGlobalSection
EndGlobal
